
Microsoft Visual Studio Solution File, Format Version 12.00
# Visual Studio 2012
Project("{FAE04EC0-301F-11D3-BF4B-00C04F79EFBC}") = "Lience Plates Recognition", "Lience Plates Recognition\Lience Plates Recognition.csproj", "{EB39B59B-D6DD-478B-B23B-C055BD9FF993}"
EndProject
Global
	GlobalSection(SolutionConfigurationPlatforms) = preSolution
		Debug|Any CPU = Debug|Any CPU
		Release|Any CPU = Release|Any CPU
	EndGlobalSection
	GlobalSection(ProjectConfigurationPlatforms) = postSolution
		{EB39B59B-D6DD-478B-B23B-C055BD9FF993}.Debug|Any CPU.ActiveCfg = Debug|Any CPU
		{EB39B59B-D6DD-478B-B23B-C055BD9FF993}.Debug|Any CPU.Build.0 = Debug|Any CPU
		{EB39B59B-D6DD-478B-B23B-C055BD9FF993}.Release|Any CPU.ActiveCfg = Release|Any CPU
		{EB39B59B-D6DD-478B-B23B-C055BD9FF993}.Release|Any CPU.Build.0 = Release|Any CPU
	EndGlobalSection
	GlobalSection(SolutionProperties) = preSolution
		HideSolutionNode = FALSE
	EndGlobalSection
EndGlobal
